
Microsoft Visual Studio Solution File, Format Version 12.00
# Visual Studio Version 17
VisualStudioVersion = 17.0.31903.59
MinimumVisualStudioVersion = 10.0.40219.1
Project("{FAE04EC0-301F-11D3-BF4B-00C04F79EFBC}") = "Seedarr.Common", "NzbDrone.Common\Seedarr.Common.csproj", "{F2BE0FDF-6E47-4827-A420-DD4EF82407F8}"
EndProject
Project("{FAE04EC0-301F-11D3-BF4B-00C04F79EFBC}") = "Seedarr.Core", "NzbDrone.Core\Seedarr.Core.csproj", "{FF5EE3B6-913B-47CE-9CEB-11C51B4E1205}"
EndProject
Project("{FAE04EC0-301F-11D3-BF4B-00C04F79EFBC}") = "Seedarr.SignalR", "NzbDrone.SignalR\Seedarr.SignalR.csproj", "{7C2CC69F-5CA0-4E5C-85CB-983F9F6C3B36}"
EndProject
Project("{FAE04EC0-301F-11D3-BF4B-00C04F79EFBC}") = "Seedarr.Http", "Seedarr.Http\Seedarr.Http.csproj", "{5370BFF7-1BD7-46BC-AF06-7D9EA5CDA1D6}"
EndProject
Project("{FAE04EC0-301F-11D3-BF4B-00C04F79EFBC}") = "Seedarr.Api.V1", "Seedarr.Api.V1\Seedarr.Api.V1.csproj", "{7140FF1F-79BE-492F-9188-B21A050BF708}"
EndProject
Project("{FAE04EC0-301F-11D3-BF4B-00C04F79EFBC}") = "Seedarr.Host", "NzbDrone.Host\Seedarr.Host.csproj", "{95C11A9E-56ED-456A-8447-2C89C1139266}"
EndProject
Project("{FAE04EC0-301F-11D3-BF4B-00C04F79EFBC}") = "Seedarr.Console", "NzbDrone.Console\Seedarr.Console.csproj", "{3DCA7B58-B8B3-49AC-9D9E-56F4A0460976}"
EndProject
Project("{FAE04EC0-301F-11D3-BF4B-00C04F79EFBC}") = "Seedarr.Core.Test", "NzbDrone.Core.Test\Seedarr.Core.Test.csproj", "{D41EEFE8-57E3-4614-88BF-D82D9B1D0FA6}"
EndProject
Project("{2150E333-8FDC-42A3-9474-1A3956D46DE8}") = "NzbDrone.Integration.Test", "NzbDrone.Integration.Test", "{D4401D19-843F-3A99-2DB8-BA6882DA61EE}"
EndProject
Project("{FAE04EC0-301F-11D3-BF4B-00C04F79EFBC}") = "Seedarr.Integration.Test", "NzbDrone.Integration.Test\Seedarr.Integration.Test.csproj", "{CA01B7C2-5880-4992-A127-3724D0820AB0}"
EndProject
Project("{2150E333-8FDC-42A3-9474-1A3956D46DE8}") = "NzbDrone.Host", "NzbDrone.Host", "{E99E5879-A8F3-15FF-EE52-18D6E5C6A531}"
EndProject
Project("{2150E333-8FDC-42A3-9474-1A3956D46DE8}") = "NzbDrone.Automation.Test", "NzbDrone.Automation.Test", "{824F65BF-B7A8-ED8A-FBEC-92E6B6B1A561}"
EndProject
Project("{FAE04EC0-301F-11D3-BF4B-00C04F79EFBC}") = "Seedarr.Automation.Test", "NzbDrone.Automation.Test\Seedarr.Automation.Test.csproj", "{B6E57DD6-EB25-48C5-864C-6BA49E92F3D4}"
EndProject
Global
	GlobalSection(SolutionConfigurationPlatforms) = preSolution
		Debug|Any CPU = Debug|Any CPU
		Debug|x64 = Debug|x64
		Debug|x86 = Debug|x86
		Release|Any CPU = Release|Any CPU
		Release|x64 = Release|x64
		Release|x86 = Release|x86
	EndGlobalSection
	GlobalSection(ProjectConfigurationPlatforms) = postSolution
		{F2BE0FDF-6E47-4827-A420-DD4EF82407F8}.Debug|Any CPU.ActiveCfg = Debug|Any CPU
		{F2BE0FDF-6E47-4827-A420-DD4EF82407F8}.Debug|Any CPU.Build.0 = Debug|Any CPU
		{F2BE0FDF-6E47-4827-A420-DD4EF82407F8}.Debug|x64.ActiveCfg = Debug|Any CPU
		{F2BE0FDF-6E47-4827-A420-DD4EF82407F8}.Debug|x64.Build.0 = Debug|Any CPU
		{F2BE0FDF-6E47-4827-A420-DD4EF82407F8}.Debug|x86.ActiveCfg = Debug|Any CPU
		{F2BE0FDF-6E47-4827-A420-DD4EF82407F8}.Debug|x86.Build.0 = Debug|Any CPU
		{F2BE0FDF-6E47-4827-A420-DD4EF82407F8}.Release|Any CPU.ActiveCfg = Release|Any CPU
		{F2BE0FDF-6E47-4827-A420-DD4EF82407F8}.Release|Any CPU.Build.0 = Release|Any CPU
		{F2BE0FDF-6E47-4827-A420-DD4EF82407F8}.Release|x64.ActiveCfg = Release|Any CPU
		{F2BE0FDF-6E47-4827-A420-DD4EF82407F8}.Release|x64.Build.0 = Release|Any CPU
		{F2BE0FDF-6E47-4827-A420-DD4EF82407F8}.Release|x86.ActiveCfg = Release|Any CPU
		{F2BE0FDF-6E47-4827-A420-DD4EF82407F8}.Release|x86.Build.0 = Release|Any CPU
		{FF5EE3B6-913B-47CE-9CEB-11C51B4E1205}.Debug|Any CPU.ActiveCfg = Debug|Any CPU
		{FF5EE3B6-913B-47CE-9CEB-11C51B4E1205}.Debug|Any CPU.Build.0 = Debug|Any CPU
		{FF5EE3B6-913B-47CE-9CEB-11C51B4E1205}.Debug|x64.ActiveCfg = Debug|Any CPU
		{FF5EE3B6-913B-47CE-9CEB-11C51B4E1205}.Debug|x64.Build.0 = Debug|Any CPU
		{FF5EE3B6-913B-47CE-9CEB-11C51B4E1205}.Debug|x86.ActiveCfg = Debug|Any CPU
		{FF5EE3B6-913B-47CE-9CEB-11C51B4E1205}.Debug|x86.Build.0 = Debug|Any CPU
		{FF5EE3B6-913B-47CE-9CEB-11C51B4E1205}.Release|Any CPU.ActiveCfg = Release|Any CPU
		{FF5EE3B6-913B-47CE-9CEB-11C51B4E1205}.Release|Any CPU.Build.0 = Release|Any CPU
		{FF5EE3B6-913B-47CE-9CEB-11C51B4E1205}.Release|x64.ActiveCfg = Release|Any CPU
		{FF5EE3B6-913B-47CE-9CEB-11C51B4E1205}.Release|x64.Build.0 = Release|Any CPU
		{FF5EE3B6-913B-47CE-9CEB-11C51B4E1205}.Release|x86.ActiveCfg = Release|Any CPU
		{FF5EE3B6-913B-47CE-9CEB-11C51B4E1205}.Release|x86.Build.0 = Release|Any CPU
		{7C2CC69F-5CA0-4E5C-85CB-983F9F6C3B36}.Debug|Any CPU.ActiveCfg = Debug|Any CPU
		{7C2CC69F-5CA0-4E5C-85CB-983F9F6C3B36}.Debug|Any CPU.Build.0 = Debug|Any CPU
		{7C2CC69F-5CA0-4E5C-85CB-983F9F6C3B36}.Debug|x64.ActiveCfg = Debug|Any CPU
		{7C2CC69F-5CA0-4E5C-85CB-983F9F6C3B36}.Debug|x64.Build.0 = Debug|Any CPU
		{7C2CC69F-5CA0-4E5C-85CB-983F9F6C3B36}.Debug|x86.ActiveCfg = Debug|Any CPU
		{7C2CC69F-5CA0-4E5C-85CB-983F9F6C3B36}.Debug|x86.Build.0 = Debug|Any CPU
		{7C2CC69F-5CA0-4E5C-85CB-983F9F6C3B36}.Release|Any CPU.ActiveCfg = Release|Any CPU
		{7C2CC69F-5CA0-4E5C-85CB-983F9F6C3B36}.Release|Any CPU.Build.0 = Release|Any CPU
		{7C2CC69F-5CA0-4E5C-85CB-983F9F6C3B36}.Release|x64.ActiveCfg = Release|Any CPU
		{7C2CC69F-5CA0-4E5C-85CB-983F9F6C3B36}.Release|x64.Build.0 = Release|Any CPU
		{7C2CC69F-5CA0-4E5C-85CB-983F9F6C3B36}.Release|x86.ActiveCfg = Release|Any CPU
		{7C2CC69F-5CA0-4E5C-85CB-983F9F6C3B36}.Release|x86.Build.0 = Release|Any CPU
		{5370BFF7-1BD7-46BC-AF06-7D9EA5CDA1D6}.Debug|Any CPU.ActiveCfg = Debug|Any CPU
		{5370BFF7-1BD7-46BC-AF06-7D9EA5CDA1D6}.Debug|Any CPU.Build.0 = Debug|Any CPU
		{5370BFF7-1BD7-46BC-AF06-7D9EA5CDA1D6}.Debug|x64.ActiveCfg = Debug|Any CPU
		{5370BFF7-1BD7-46BC-AF06-7D9EA5CDA1D6}.Debug|x64.Build.0 = Debug|Any CPU
		{5370BFF7-1BD7-46BC-AF06-7D9EA5CDA1D6}.Debug|x86.ActiveCfg = Debug|Any CPU
		{5370BFF7-1BD7-46BC-AF06-7D9EA5CDA1D6}.Debug|x86.Build.0 = Debug|Any CPU
		{5370BFF7-1BD7-46BC-AF06-7D9EA5CDA1D6}.Release|Any CPU.ActiveCfg = Release|Any CPU
		{5370BFF7-1BD7-46BC-AF06-7D9EA5CDA1D6}.Release|Any CPU.Build.0 = Release|Any CPU
		{5370BFF7-1BD7-46BC-AF06-7D9EA5CDA1D6}.Release|x64.ActiveCfg = Release|Any CPU
		{5370BFF7-1BD7-46BC-AF06-7D9EA5CDA1D6}.Release|x64.Build.0 = Release|Any CPU
		{5370BFF7-1BD7-46BC-AF06-7D9EA5CDA1D6}.Release|x86.ActiveCfg = Release|Any CPU
		{5370BFF7-1BD7-46BC-AF06-7D9EA5CDA1D6}.Release|x86.Build.0 = Release|Any CPU
		{7140FF1F-79BE-492F-9188-B21A050BF708}.Debug|Any CPU.ActiveCfg = Debug|Any CPU
		{7140FF1F-79BE-492F-9188-B21A050BF708}.Debug|Any CPU.Build.0 = Debug|Any CPU
		{7140FF1F-79BE-492F-9188-B21A050BF708}.Debug|x64.ActiveCfg = Debug|Any CPU
		{7140FF1F-79BE-492F-9188-B21A050BF708}.Debug|x64.Build.0 = Debug|Any CPU
		{7140FF1F-79BE-492F-9188-B21A050BF708}.Debug|x86.ActiveCfg = Debug|Any CPU
		{7140FF1F-79BE-492F-9188-B21A050BF708}.Debug|x86.Build.0 = Debug|Any CPU
		{7140FF1F-79BE-492F-9188-B21A050BF708}.Release|Any CPU.ActiveCfg = Release|Any CPU
		{7140FF1F-79BE-492F-9188-B21A050BF708}.Release|Any CPU.Build.0 = Release|Any CPU
		{7140FF1F-79BE-492F-9188-B21A050BF708}.Release|x64.ActiveCfg = Release|Any CPU
		{7140FF1F-79BE-492F-9188-B21A050BF708}.Release|x64.Build.0 = Release|Any CPU
		{7140FF1F-79BE-492F-9188-B21A050BF708}.Release|x86.ActiveCfg = Release|Any CPU
		{7140FF1F-79BE-492F-9188-B21A050BF708}.Release|x86.Build.0 = Release|Any CPU
		{95C11A9E-56ED-456A-8447-2C89C1139266}.Debug|Any CPU.ActiveCfg = Debug|Any CPU
		{95C11A9E-56ED-456A-8447-2C89C1139266}.Debug|Any CPU.Build.0 = Debug|Any CPU
		{95C11A9E-56ED-456A-8447-2C89C1139266}.Debug|x64.ActiveCfg = Debug|Any CPU
		{95C11A9E-56ED-456A-8447-2C89C1139266}.Debug|x64.Build.0 = Debug|Any CPU
		{95C11A9E-56ED-456A-8447-2C89C1139266}.Debug|x86.ActiveCfg = Debug|Any CPU
		{95C11A9E-56ED-456A-8447-2C89C1139266}.Debug|x86.Build.0 = Debug|Any CPU
		{95C11A9E-56ED-456A-8447-2C89C1139266}.Release|Any CPU.ActiveCfg = Release|Any CPU
		{95C11A9E-56ED-456A-8447-2C89C1139266}.Release|Any CPU.Build.0 = Release|Any CPU
		{95C11A9E-56ED-456A-8447-2C89C1139266}.Release|x64.ActiveCfg = Release|Any CPU
		{95C11A9E-56ED-456A-8447-2C89C1139266}.Release|x64.Build.0 = Release|Any CPU
		{95C11A9E-56ED-456A-8447-2C89C1139266}.Release|x86.ActiveCfg = Release|Any CPU
		{95C11A9E-56ED-456A-8447-2C89C1139266}.Release|x86.Build.0 = Release|Any CPU
		{3DCA7B58-B8B3-49AC-9D9E-56F4A0460976}.Debug|Any CPU.ActiveCfg = Debug|Any CPU
		{3DCA7B58-B8B3-49AC-9D9E-56F4A0460976}.Debug|Any CPU.Build.0 = Debug|Any CPU
		{3DCA7B58-B8B3-49AC-9D9E-56F4A0460976}.Debug|x64.ActiveCfg = Debug|Any CPU
		{3DCA7B58-B8B3-49AC-9D9E-56F4A0460976}.Debug|x64.Build.0 = Debug|Any CPU
		{3DCA7B58-B8B3-49AC-9D9E-56F4A0460976}.Debug|x86.ActiveCfg = Debug|Any CPU
		{3DCA7B58-B8B3-49AC-9D9E-56F4A0460976}.Debug|x86.Build.0 = Debug|Any CPU
		{3DCA7B58-B8B3-49AC-9D9E-56F4A0460976}.Release|Any CPU.ActiveCfg = Release|Any CPU
		{3DCA7B58-B8B3-49AC-9D9E-56F4A0460976}.Release|Any CPU.Build.0 = Release|Any CPU
		{3DCA7B58-B8B3-49AC-9D9E-56F4A0460976}.Release|x64.ActiveCfg = Release|Any CPU
		{3DCA7B58-B8B3-49AC-9D9E-56F4A0460976}.Release|x64.Build.0 = Release|Any CPU
		{3DCA7B58-B8B3-49AC-9D9E-56F4A0460976}.Release|x86.ActiveCfg = Release|Any CPU
		{3DCA7B58-B8B3-49AC-9D9E-56F4A0460976}.Release|x86.Build.0 = Release|Any CPU
		{D41EEFE8-57E3-4614-88BF-D82D9B1D0FA6}.Debug|Any CPU.ActiveCfg = Debug|Any CPU
		{D41EEFE8-57E3-4614-88BF-D82D9B1D0FA6}.Debug|Any CPU.Build.0 = Debug|Any CPU
		{D41EEFE8-57E3-4614-88BF-D82D9B1D0FA6}.Debug|x64.ActiveCfg = Debug|Any CPU
		{D41EEFE8-57E3-4614-88BF-D82D9B1D0FA6}.Debug|x64.Build.0 = Debug|Any CPU
		{D41EEFE8-57E3-4614-88BF-D82D9B1D0FA6}.Debug|x86.ActiveCfg = Debug|Any CPU
		{D41EEFE8-57E3-4614-88BF-D82D9B1D0FA6}.Debug|x86.Build.0 = Debug|Any CPU
		{D41EEFE8-57E3-4614-88BF-D82D9B1D0FA6}.Release|Any CPU.ActiveCfg = Release|Any CPU
		{D41EEFE8-57E3-4614-88BF-D82D9B1D0FA6}.Release|Any CPU.Build.0 = Release|Any CPU
		{D41EEFE8-57E3-4614-88BF-D82D9B1D0FA6}.Release|x64.ActiveCfg = Release|Any CPU
		{D41EEFE8-57E3-4614-88BF-D82D9B1D0FA6}.Release|x64.Build.0 = Release|Any CPU
		{D41EEFE8-57E3-4614-88BF-D82D9B1D0FA6}.Release|x86.ActiveCfg = Release|Any CPU
		{D41EEFE8-57E3-4614-88BF-D82D9B1D0FA6}.Release|x86.Build.0 = Release|Any CPU
		{CA01B7C2-5880-4992-A127-3724D0820AB0}.Debug|Any CPU.ActiveCfg = Debug|Any CPU
		{CA01B7C2-5880-4992-A127-3724D0820AB0}.Debug|Any CPU.Build.0 = Debug|Any CPU
		{CA01B7C2-5880-4992-A127-3724D0820AB0}.Debug|x64.ActiveCfg = Debug|Any CPU
		{CA01B7C2-5880-4992-A127-3724D0820AB0}.Debug|x64.Build.0 = Debug|Any CPU
		{CA01B7C2-5880-4992-A127-3724D0820AB0}.Debug|x86.ActiveCfg = Debug|Any CPU
		{CA01B7C2-5880-4992-A127-3724D0820AB0}.Debug|x86.Build.0 = Debug|Any CPU
		{CA01B7C2-5880-4992-A127-3724D0820AB0}.Release|Any CPU.ActiveCfg = Release|Any CPU
		{CA01B7C2-5880-4992-A127-3724D0820AB0}.Release|Any CPU.Build.0 = Release|Any CPU
		{CA01B7C2-5880-4992-A127-3724D0820AB0}.Release|x64.ActiveCfg = Release|Any CPU
		{CA01B7C2-5880-4992-A127-3724D0820AB0}.Release|x64.Build.0 = Release|Any CPU
		{CA01B7C2-5880-4992-A127-3724D0820AB0}.Release|x86.ActiveCfg = Release|Any CPU
		{CA01B7C2-5880-4992-A127-3724D0820AB0}.Release|x86.Build.0 = Release|Any CPU
		{B6E57DD6-EB25-48C5-864C-6BA49E92F3D4}.Debug|Any CPU.ActiveCfg = Debug|Any CPU
		{B6E57DD6-EB25-48C5-864C-6BA49E92F3D4}.Debug|Any CPU.Build.0 = Debug|Any CPU
		{B6E57DD6-EB25-48C5-864C-6BA49E92F3D4}.Debug|x64.ActiveCfg = Debug|Any CPU
		{B6E57DD6-EB25-48C5-864C-6BA49E92F3D4}.Debug|x64.Build.0 = Debug|Any CPU
		{B6E57DD6-EB25-48C5-864C-6BA49E92F3D4}.Debug|x86.ActiveCfg = Debug|Any CPU
		{B6E57DD6-EB25-48C5-864C-6BA49E92F3D4}.Debug|x86.Build.0 = Debug|Any CPU
		{B6E57DD6-EB25-48C5-864C-6BA49E92F3D4}.Release|Any CPU.ActiveCfg = Release|Any CPU
		{B6E57DD6-EB25-48C5-864C-6BA49E92F3D4}.Release|Any CPU.Build.0 = Release|Any CPU
		{B6E57DD6-EB25-48C5-864C-6BA49E92F3D4}.Release|x64.ActiveCfg = Release|Any CPU
		{B6E57DD6-EB25-48C5-864C-6BA49E92F3D4}.Release|x64.Build.0 = Release|Any CPU
		{B6E57DD6-EB25-48C5-864C-6BA49E92F3D4}.Release|x86.ActiveCfg = Release|Any CPU
		{B6E57DD6-EB25-48C5-864C-6BA49E92F3D4}.Release|x86.Build.0 = Release|Any CPU
	EndGlobalSection
	GlobalSection(SolutionProperties) = preSolution
		HideSolutionNode = FALSE
	EndGlobalSection
	GlobalSection(NestedProjects) = preSolution
		{CA01B7C2-5880-4992-A127-3724D0820AB0} = {D4401D19-843F-3A99-2DB8-BA6882DA61EE}
		{B6E57DD6-EB25-48C5-864C-6BA49E92F3D4} = {824F65BF-B7A8-ED8A-FBEC-92E6B6B1A561}
	EndGlobalSection
EndGlobal
